{
    "version": 3,
    "terraform_version": "0.11.13",
    "serial": 16,
    "lineage": "2e689c9b-27f1-67a8-2491-8ce9672a3abf",
    "modules": [
        {
            "path": [
                "root"
            ],
            "outputs": {
                "ALB-Public-DNS": {
                    "sensitive": false,
                    "type": "string",
                    "value": "myalb-1113543908.ap-south-1.elb.amazonaws.com"
                },
                "Web-Server-Public-IP": {
                    "sensitive": false,
                    "type": "string",
                    "value": "13.232.7.137"
                }
            },
            "resources": {},
            "depends_on": []
        },
        {
            "path": [
                "root",
                "ec2_instance"
            ],
            "outputs": {
                "web_server_instance_id": {
                    "sensitive": false,
                    "type": "string",
                    "value": "i-0d482441b0d02757d"
                },
                "web_server_public_ip": {
                    "sensitive": false,
                    "type": "string",
                    "value": "13.232.7.137"
                }
            },
            "resources": {
                "aws_instance.web_server": {
                    "type": "aws_instance",
                    "depends_on": [],
                    "primary": {
                        "id": "i-0d482441b0d02757d",
                        "attributes": {
                            "ami": "ami-0ad42f4f66f6c1cc9",
                            "arn": "arn:aws:ec2:ap-south-1:956352206598:instance/i-0d482441b0d02757d",
                            "associate_public_ip_address": "true",
                            "availability_zone": "ap-south-1a",
                            "cpu_core_count": "1",
                            "cpu_threads_per_core": "1",
                            "credit_specification.#": "1",
                            "credit_specification.0.cpu_credits": "standard",
                            "disable_api_termination": "false",
                            "ebs_block_device.#": "0",
                            "ebs_optimized": "false",
                            "ephemeral_block_device.#": "0",
                            "get_password_data": "false",
                            "iam_instance_profile": "",
                            "id": "i-0d482441b0d02757d",
                            "instance_state": "running",
                            "instance_type": "t2.micro",
                            "ipv6_address_count": "0",
                            "ipv6_addresses.#": "0",
                            "key_name": "POC",
                            "monitoring": "false",
                            "network_interface.#": "0",
                            "password_data": "",
                            "placement_group": "",
                            "primary_network_interface_id": "eni-00426424fee367ffa",
                            "private_dns": "ip-10-0-1-161.ap-south-1.compute.internal",
                            "private_ip": "10.0.1.161",
                            "public_dns": "",
                            "public_ip": "13.232.7.137",
                            "root_block_device.#": "1",
                            "root_block_device.0.delete_on_termination": "true",
                            "root_block_device.0.iops": "100",
                            "root_block_device.0.volume_id": "vol-004aa9674400740f2",
                            "root_block_device.0.volume_size": "8",
                            "root_block_device.0.volume_type": "gp2",
                            "security_groups.#": "0",
                            "source_dest_check": "true",
                            "subnet_id": "subnet-0a75ce77fc6c5ecbb",
                            "tags.%": "1",
                            "tags.Name": "ApacheServer",
                            "tenancy": "default",
                            "volume_tags.%": "0",
                            "vpc_security_group_ids.#": "1",
                            "vpc_security_group_ids.2790825958": "sg-005ed173ad9960481"
                        },
                        "meta": {
                            "e2bfb730-ecaa-11e6-8f88-34363bc7c4c0": {
                                "create": 600000000000,
                                "delete": 1200000000000,
                                "update": 600000000000
                            },
                            "schema_version": "1"
                        },
                        "tainted": false
                    },
                    "deposed": [],
                    "provider": "provider.aws"
                }
            },
            "depends_on": []
        },
        {
            "path": [
                "root",
                "front_alb"
            ],
            "outputs": {
                "alb_public_dns": {
                    "sensitive": false,
                    "type": "string",
                    "value": "myalb-1113543908.ap-south-1.elb.amazonaws.com"
                }
            },
            "resources": {
                "aws_lb.pocalb": {
                    "type": "aws_lb",
                    "depends_on": [],
                    "primary": {
                        "id": "arn:aws:elasticloadbalancing:ap-south-1:956352206598:loadbalancer/app/myalb/6358a52d33385ba2",
                        "attributes": {
                            "access_logs.#": "1",
                            "access_logs.0.bucket": "",
                            "access_logs.0.enabled": "false",
                            "access_logs.0.prefix": "",
                            "arn": "arn:aws:elasticloadbalancing:ap-south-1:956352206598:loadbalancer/app/myalb/6358a52d33385ba2",
                            "arn_suffix": "app/myalb/6358a52d33385ba2",
                            "dns_name": "myalb-1113543908.ap-south-1.elb.amazonaws.com",
                            "enable_deletion_protection": "false",
                            "enable_http2": "true",
                            "id": "arn:aws:elasticloadbalancing:ap-south-1:956352206598:loadbalancer/app/myalb/6358a52d33385ba2",
                            "idle_timeout": "60",
                            "internal": "false",
                            "ip_address_type": "ipv4",
                            "load_balancer_type": "application",
                            "name": "myalb",
                            "security_groups.#": "1",
                            "security_groups.2037863952": "sg-086bb510bf301876a",
                            "subnet_mapping.#": "2",
                            "subnet_mapping.2697127521.allocation_id": "",
                            "subnet_mapping.2697127521.subnet_id": "subnet-0d1f1b11fbad2b26b",
                            "subnet_mapping.513366424.allocation_id": "",
                            "subnet_mapping.513366424.subnet_id": "subnet-0a75ce77fc6c5ecbb",
                            "subnets.#": "2",
                            "subnets.2546040985": "subnet-0a75ce77fc6c5ecbb",
                            "subnets.3345902059": "subnet-0d1f1b11fbad2b26b",
                            "tags.%": "0",
                            "vpc_id": "vpc-0b7c01720b68312b7",
                            "zone_id": "ZP97RAFLXTNZK"
                        },
                        "meta": {
                            "e2bfb730-ecaa-11e6-8f88-34363bc7c4c0": {
                                "create": 600000000000,
                                "delete": 600000000000,
                                "update": 600000000000
                            }
                        },
                        "tainted": false
                    },
                    "deposed": [],
                    "provider": "provider.aws"
                },
                "aws_lb_listener.pocalb_listener": {
                    "type": "aws_lb_listener",
                    "depends_on": [
                        "aws_lb.pocalb",
                        "aws_lb_target_group.webtg"
                    ],
                    "primary": {
                        "id": "arn:aws:elasticloadbalancing:ap-south-1:956352206598:listener/app/myalb/6358a52d33385ba2/ec67622431110167",
                        "attributes": {
                            "arn": "arn:aws:elasticloadbalancing:ap-south-1:956352206598:listener/app/myalb/6358a52d33385ba2/ec67622431110167",
                            "default_action.#": "1",
                            "default_action.0.authenticate_cognito.#": "0",
                            "default_action.0.authenticate_oidc.#": "0",
                            "default_action.0.fixed_response.#": "0",
                            "default_action.0.order": "1",
                            "default_action.0.redirect.#": "0",
                            "default_action.0.target_group_arn": "arn:aws:elasticloadbalancing:ap-south-1:956352206598:targetgroup/POCTG/fe655f788c952c73",
                            "default_action.0.type": "forward",
                            "id": "arn:aws:elasticloadbalancing:ap-south-1:956352206598:listener/app/myalb/6358a52d33385ba2/ec67622431110167",
                            "load_balancer_arn": "arn:aws:elasticloadbalancing:ap-south-1:956352206598:loadbalancer/app/myalb/6358a52d33385ba2",
                            "port": "80",
                            "protocol": "HTTP",
                            "ssl_policy": ""
                        },
                        "meta": {
                            "e2bfb730-ecaa-11e6-8f88-34363bc7c4c0": {
                                "read": 600000000000
                            }
                        },
                        "tainted": false
                    },
                    "deposed": [],
                    "provider": "provider.aws"
                },
                "aws_lb_target_group.webtg": {
                    "type": "aws_lb_target_group",
                    "depends_on": [],
                    "primary": {
                        "id": "arn:aws:elasticloadbalancing:ap-south-1:956352206598:targetgroup/POCTG/fe655f788c952c73",
                        "attributes": {
                            "arn": "arn:aws:elasticloadbalancing:ap-south-1:956352206598:targetgroup/POCTG/fe655f788c952c73",
                            "arn_suffix": "targetgroup/POCTG/fe655f788c952c73",
                            "deregistration_delay": "300",
                            "health_check.#": "1",
                            "health_check.0.enabled": "true",
                            "health_check.0.healthy_threshold": "5",
                            "health_check.0.interval": "30",
                            "health_check.0.matcher": "200",
                            "health_check.0.path": "/",
                            "health_check.0.port": "traffic-port",
                            "health_check.0.protocol": "HTTP",
                            "health_check.0.timeout": "5",
                            "health_check.0.unhealthy_threshold": "2",
                            "id": "arn:aws:elasticloadbalancing:ap-south-1:956352206598:targetgroup/POCTG/fe655f788c952c73",
                            "lambda_multi_value_headers_enabled": "false",
                            "name": "POCTG",
                            "port": "80",
                            "protocol": "HTTP",
                            "proxy_protocol_v2": "false",
                            "slow_start": "0",
                            "stickiness.#": "1",
                            "stickiness.0.cookie_duration": "86400",
                            "stickiness.0.enabled": "false",
                            "stickiness.0.type": "lb_cookie",
                            "tags.%": "0",
                            "target_type": "instance",
                            "vpc_id": "vpc-0b7c01720b68312b7"
                        },
                        "meta": {},
                        "tainted": false
                    },
                    "deposed": [],
                    "provider": "provider.aws"
                },
                "aws_lb_target_group_attachment.tgbackend": {
                    "type": "aws_lb_target_group_attachment",
                    "depends_on": [
                        "aws_lb_target_group.webtg"
                    ],
                    "primary": {
                        "id": "arn:aws:elasticloadbalancing:ap-south-1:956352206598:targetgroup/POCTG/fe655f788c952c73-20190521101506631600000001",
                        "attributes": {
                            "id": "arn:aws:elasticloadbalancing:ap-south-1:956352206598:targetgroup/POCTG/fe655f788c952c73-20190521101506631600000001",
                            "port": "80",
                            "target_group_arn": "arn:aws:elasticloadbalancing:ap-south-1:956352206598:targetgroup/POCTG/fe655f788c952c73",
                            "target_id": "i-0d482441b0d02757d"
                        },
                        "meta": {},
                        "tainted": false
                    },
                    "deposed": [],
                    "provider": "provider.aws"
                }
            },
            "depends_on": []
        },
        {
            "path": [
                "root",
                "vpc_networking"
            ],
            "outputs": {
                "alb_security_group": {
                    "sensitive": false,
                    "type": "string",
                    "value": "sg-086bb510bf301876a"
                },
                "private_subnet_1_id": {
                    "sensitive": false,
                    "type": "string",
                    "value": "subnet-004cc6ddb52bf2bbf"
                },
                "private_subnet_2_id": {
                    "sensitive": false,
                    "type": "string",
                    "value": "subnet-093c4a64ff6063752"
                },
                "public_subnet_1_id": {
                    "sensitive": false,
                    "type": "string",
                    "value": "subnet-0a75ce77fc6c5ecbb"
                },
                "public_subnet_2_id": {
                    "sensitive": false,
                    "type": "string",
                    "value": "subnet-0d1f1b11fbad2b26b"
                },
                "vpc_id": {
                    "sensitive": false,
                    "type": "string",
                    "value": "vpc-0b7c01720b68312b7"
                },
                "web_security_group": {
                    "sensitive": false,
                    "type": "string",
                    "value": "sg-005ed173ad9960481"
                }
            },
            "resources": {
                "aws_internet_gateway.pocigw": {
                    "type": "aws_internet_gateway",
                    "depends_on": [
                        "aws_vpc.pocvpc"
                    ],
                    "primary": {
                        "id": "igw-019559cf4d7e55f7f",
                        "attributes": {
                            "id": "igw-019559cf4d7e55f7f",
                            "owner_id": "956352206598",
                            "tags.%": "1",
                            "tags.Name": "POC IGW",
                            "vpc_id": "vpc-0b7c01720b68312b7"
                        },
                        "meta": {},
                        "tainted": false
                    },
                    "deposed": [],
                    "provider": "provider.aws"
                },
                "aws_route_table.public_rt": {
                    "type": "aws_route_table",
                    "depends_on": [
                        "aws_internet_gateway.pocigw",
                        "aws_vpc.pocvpc"
                    ],
                    "primary": {
                        "id": "rtb-025921847621afb89",
                        "attributes": {
                            "id": "rtb-025921847621afb89",
                            "owner_id": "956352206598",
                            "propagating_vgws.#": "0",
                            "route.#": "1",
                            "route.3988574096.cidr_block": "0.0.0.0/0",
                            "route.3988574096.egress_only_gateway_id": "",
                            "route.3988574096.gateway_id": "igw-019559cf4d7e55f7f",
                            "route.3988574096.instance_id": "",
                            "route.3988574096.ipv6_cidr_block": "",
                            "route.3988574096.nat_gateway_id": "",
                            "route.3988574096.network_interface_id": "",
                            "route.3988574096.transit_gateway_id": "",
                            "route.3988574096.vpc_peering_connection_id": "",
                            "tags.%": "1",
                            "tags.Name": "PublicRT",
                            "vpc_id": "vpc-0b7c01720b68312b7"
                        },
                        "meta": {},
                        "tainted": false
                    },
                    "deposed": [],
                    "provider": "provider.aws"
                },
                "aws_route_table_association.public1_rt_a": {
                    "type": "aws_route_table_association",
                    "depends_on": [
                        "aws_route_table.public_rt",
                        "aws_subnet.public1"
                    ],
                    "primary": {
                        "id": "rtbassoc-0a555b57ab02f0d1e",
                        "attributes": {
                            "id": "rtbassoc-0a555b57ab02f0d1e",
                            "route_table_id": "rtb-025921847621afb89",
                            "subnet_id": "subnet-0a75ce77fc6c5ecbb"
                        },
                        "meta": {},
                        "tainted": false
                    },
                    "deposed": [],
                    "provider": "provider.aws"
                },
                "aws_route_table_association.public2_rt_a": {
                    "type": "aws_route_table_association",
                    "depends_on": [
                        "aws_route_table.public_rt",
                        "aws_subnet.public2"
                    ],
                    "primary": {
                        "id": "rtbassoc-0def447ee614a6b5c",
                        "attributes": {
                            "id": "rtbassoc-0def447ee614a6b5c",
                            "route_table_id": "rtb-025921847621afb89",
                            "subnet_id": "subnet-0d1f1b11fbad2b26b"
                        },
                        "meta": {},
                        "tainted": false
                    },
                    "deposed": [],
                    "provider": "provider.aws"
                },
                "aws_security_group.albsg": {
                    "type": "aws_security_group",
                    "depends_on": [
                        "aws_vpc.pocvpc"
                    ],
                    "primary": {
                        "id": "sg-086bb510bf301876a",
                        "attributes": {
                            "arn": "arn:aws:ec2:ap-south-1:956352206598:security-group/sg-086bb510bf301876a",
                            "description": "Allows web access from Internet",
                            "egress.#": "1",
                            "egress.482069346.cidr_blocks.#": "1",
                            "egress.482069346.cidr_blocks.0": "0.0.0.0/0",
                            "egress.482069346.description": "",
                            "egress.482069346.from_port": "0",
                            "egress.482069346.ipv6_cidr_blocks.#": "0",
                            "egress.482069346.prefix_list_ids.#": "0",
                            "egress.482069346.protocol": "-1",
                            "egress.482069346.security_groups.#": "0",
                            "egress.482069346.self": "false",
                            "egress.482069346.to_port": "0",
                            "id": "sg-086bb510bf301876a",
                            "ingress.#": "1",
                            "ingress.2214680975.cidr_blocks.#": "1",
                            "ingress.2214680975.cidr_blocks.0": "0.0.0.0/0",
                            "ingress.2214680975.description": "",
                            "ingress.2214680975.from_port": "80",
                            "ingress.2214680975.ipv6_cidr_blocks.#": "0",
                            "ingress.2214680975.prefix_list_ids.#": "0",
                            "ingress.2214680975.protocol": "tcp",
                            "ingress.2214680975.security_groups.#": "0",
                            "ingress.2214680975.self": "false",
                            "ingress.2214680975.to_port": "80",
                            "name": "ALB Security Group",
                            "owner_id": "956352206598",
                            "revoke_rules_on_delete": "false",
                            "tags.%": "0",
                            "vpc_id": "vpc-0b7c01720b68312b7"
                        },
                        "meta": {
                            "e2bfb730-ecaa-11e6-8f88-34363bc7c4c0": {
                                "create": 600000000000,
                                "delete": 600000000000
                            },
                            "schema_version": "1"
                        },
                        "tainted": false
                    },
                    "deposed": [],
                    "provider": "provider.aws"
                },
                "aws_security_group.websg": {
                    "type": "aws_security_group",
                    "depends_on": [
                        "aws_security_group.albsg",
                        "aws_vpc.pocvpc"
                    ],
                    "primary": {
                        "id": "sg-005ed173ad9960481",
                        "attributes": {
                            "arn": "arn:aws:ec2:ap-south-1:956352206598:security-group/sg-005ed173ad9960481",
                            "description": "Allows web access from ALB only and SSH access from Internet",
                            "egress.#": "1",
                            "egress.482069346.cidr_blocks.#": "1",
                            "egress.482069346.cidr_blocks.0": "0.0.0.0/0",
                            "egress.482069346.description": "",
                            "egress.482069346.from_port": "0",
                            "egress.482069346.ipv6_cidr_blocks.#": "0",
                            "egress.482069346.prefix_list_ids.#": "0",
                            "egress.482069346.protocol": "-1",
                            "egress.482069346.security_groups.#": "0",
                            "egress.482069346.self": "false",
                            "egress.482069346.to_port": "0",
                            "id": "sg-005ed173ad9960481",
                            "ingress.#": "2",
                            "ingress.2541437006.cidr_blocks.#": "1",
                            "ingress.2541437006.cidr_blocks.0": "0.0.0.0/0",
                            "ingress.2541437006.description": "",
                            "ingress.2541437006.from_port": "22",
                            "ingress.2541437006.ipv6_cidr_blocks.#": "0",
                            "ingress.2541437006.prefix_list_ids.#": "0",
                            "ingress.2541437006.protocol": "tcp",
                            "ingress.2541437006.security_groups.#": "0",
                            "ingress.2541437006.self": "false",
                            "ingress.2541437006.to_port": "22",
                            "ingress.3086541949.cidr_blocks.#": "0",
                            "ingress.3086541949.description": "",
                            "ingress.3086541949.from_port": "80",
                            "ingress.3086541949.ipv6_cidr_blocks.#": "0",
                            "ingress.3086541949.prefix_list_ids.#": "0",
                            "ingress.3086541949.protocol": "tcp",
                            "ingress.3086541949.security_groups.#": "1",
                            "ingress.3086541949.security_groups.2037863952": "sg-086bb510bf301876a",
                            "ingress.3086541949.self": "false",
                            "ingress.3086541949.to_port": "80",
                            "name": "Web Server Security Group",
                            "owner_id": "956352206598",
                            "revoke_rules_on_delete": "false",
                            "tags.%": "0",
                            "vpc_id": "vpc-0b7c01720b68312b7"
                        },
                        "meta": {
                            "e2bfb730-ecaa-11e6-8f88-34363bc7c4c0": {
                                "create": 600000000000,
                                "delete": 600000000000
                            },
                            "schema_version": "1"
                        },
                        "tainted": false
                    },
                    "deposed": [],
                    "provider": "provider.aws"
                },
                "aws_subnet.private1": {
                    "type": "aws_subnet",
                    "depends_on": [
                        "aws_vpc.pocvpc"
                    ],
                    "primary": {
                        "id": "subnet-004cc6ddb52bf2bbf",
                        "attributes": {
                            "arn": "arn:aws:ec2:ap-south-1:956352206598:subnet/subnet-004cc6ddb52bf2bbf",
                            "assign_ipv6_address_on_creation": "false",
                            "availability_zone": "ap-south-1a",
                            "availability_zone_id": "aps1-az1",
                            "cidr_block": "10.0.3.0/24",
                            "id": "subnet-004cc6ddb52bf2bbf",
                            "ipv6_cidr_block": "",
                            "ipv6_cidr_block_association_id": "",
                            "map_public_ip_on_launch": "false",
                            "owner_id": "956352206598",
                            "tags.%": "1",
                            "tags.Name": "PrivateSubnet1",
                            "vpc_id": "vpc-0b7c01720b68312b7"
                        },
                        "meta": {
                            "e2bfb730-ecaa-11e6-8f88-34363bc7c4c0": {
                                "create": 600000000000,
                                "delete": 600000000000
                            },
                            "schema_version": "1"
                        },
                        "tainted": false
                    },
                    "deposed": [],
                    "provider": "provider.aws"
                },
                "aws_subnet.private2": {
                    "type": "aws_subnet",
                    "depends_on": [
                        "aws_vpc.pocvpc"
                    ],
                    "primary": {
                        "id": "subnet-093c4a64ff6063752",
                        "attributes": {
                            "arn": "arn:aws:ec2:ap-south-1:956352206598:subnet/subnet-093c4a64ff6063752",
                            "assign_ipv6_address_on_creation": "false",
                            "availability_zone": "ap-south-1b",
                            "availability_zone_id": "aps1-az3",
                            "cidr_block": "10.0.4.0/24",
                            "id": "subnet-093c4a64ff6063752",
                            "ipv6_cidr_block": "",
                            "ipv6_cidr_block_association_id": "",
                            "map_public_ip_on_launch": "false",
                            "owner_id": "956352206598",
                            "tags.%": "1",
                            "tags.Name": "PrivateSubnet2",
                            "vpc_id": "vpc-0b7c01720b68312b7"
                        },
                        "meta": {
                            "e2bfb730-ecaa-11e6-8f88-34363bc7c4c0": {
                                "create": 600000000000,
                                "delete": 600000000000
                            },
                            "schema_version": "1"
                        },
                        "tainted": false
                    },
                    "deposed": [],
                    "provider": "provider.aws"
                },
                "aws_subnet.public1": {
                    "type": "aws_subnet",
                    "depends_on": [
                        "aws_vpc.pocvpc"
                    ],
                    "primary": {
                        "id": "subnet-0a75ce77fc6c5ecbb",
                        "attributes": {
                            "arn": "arn:aws:ec2:ap-south-1:956352206598:subnet/subnet-0a75ce77fc6c5ecbb",
                            "assign_ipv6_address_on_creation": "false",
                            "availability_zone": "ap-south-1a",
                            "availability_zone_id": "aps1-az1",
                            "cidr_block": "10.0.1.0/24",
                            "id": "subnet-0a75ce77fc6c5ecbb",
                            "ipv6_cidr_block": "",
                            "ipv6_cidr_block_association_id": "",
                            "map_public_ip_on_launch": "false",
                            "owner_id": "956352206598",
                            "tags.%": "1",
                            "tags.Name": "PublicSubnet1",
                            "vpc_id": "vpc-0b7c01720b68312b7"
                        },
                        "meta": {
                            "e2bfb730-ecaa-11e6-8f88-34363bc7c4c0": {
                                "create": 600000000000,
                                "delete": 600000000000
                            },
                            "schema_version": "1"
                        },
                        "tainted": false
                    },
                    "deposed": [],
                    "provider": "provider.aws"
                },
                "aws_subnet.public2": {
                    "type": "aws_subnet",
                    "depends_on": [
                        "aws_vpc.pocvpc"
                    ],
                    "primary": {
                        "id": "subnet-0d1f1b11fbad2b26b",
                        "attributes": {
                            "arn": "arn:aws:ec2:ap-south-1:956352206598:subnet/subnet-0d1f1b11fbad2b26b",
                            "assign_ipv6_address_on_creation": "false",
                            "availability_zone": "ap-south-1b",
                            "availability_zone_id": "aps1-az3",
                            "cidr_block": "10.0.2.0/24",
                            "id": "subnet-0d1f1b11fbad2b26b",
                            "ipv6_cidr_block": "",
                            "ipv6_cidr_block_association_id": "",
                            "map_public_ip_on_launch": "false",
                            "owner_id": "956352206598",
                            "tags.%": "1",
                            "tags.Name": "PublicSubnet2",
                            "vpc_id": "vpc-0b7c01720b68312b7"
                        },
                        "meta": {
                            "e2bfb730-ecaa-11e6-8f88-34363bc7c4c0": {
                                "create": 600000000000,
                                "delete": 600000000000
                            },
                            "schema_version": "1"
                        },
                        "tainted": false
                    },
                    "deposed": [],
                    "provider": "provider.aws"
                },
                "aws_vpc.pocvpc": {
                    "type": "aws_vpc",
                    "depends_on": [],
                    "primary": {
                        "id": "vpc-0b7c01720b68312b7",
                        "attributes": {
                            "arn": "arn:aws:ec2:ap-south-1:956352206598:vpc/vpc-0b7c01720b68312b7",
                            "assign_generated_ipv6_cidr_block": "false",
                            "cidr_block": "10.0.0.0/16",
                            "default_network_acl_id": "acl-0ed42ec29f6021071",
                            "default_route_table_id": "rtb-011286136d8dcb2ba",
                            "default_security_group_id": "sg-0588db38587d41d03",
                            "dhcp_options_id": "dopt-2514694d",
                            "enable_dns_hostnames": "false",
                            "enable_dns_support": "true",
                            "id": "vpc-0b7c01720b68312b7",
                            "instance_tenancy": "default",
                            "ipv6_association_id": "",
                            "ipv6_cidr_block": "",
                            "main_route_table_id": "rtb-011286136d8dcb2ba",
                            "owner_id": "956352206598",
                            "tags.%": "1",
                            "tags.Name": "POC"
                        },
                        "meta": {
                            "schema_version": "1"
                        },
                        "tainted": false
                    },
                    "deposed": [],
                    "provider": "provider.aws"
                }
            },
            "depends_on": []
        }
    ]
}
