{
    "version": 3,
    "terraform_version": "0.11.13",
    "serial": 6,
    "lineage": "7e17d3ad-6ba2-9431-e037-521ad19539a3",
    "modules": [
        {
            "path": [
                "root"
            ],
            "outputs": {},
            "resources": {
                "aws_route_table.demort": {
                    "type": "aws_route_table",
                    "depends_on": [],
                    "primary": {
                        "id": "rtb-0755cdd4c921ef34d",
                        "attributes": {
                            "id": "rtb-0755cdd4c921ef34d",
                            "owner_id": "956352206598",
                            "propagating_vgws.#": "0",
                            "route.#": "1",
                            "route.359218190.cidr_block": "0.0.0.0/0",
                            "route.359218190.egress_only_gateway_id": "",
                            "route.359218190.gateway_id": "igw-01907edae946116a4",
                            "route.359218190.instance_id": "",
                            "route.359218190.ipv6_cidr_block": "",
                            "route.359218190.nat_gateway_id": "",
                            "route.359218190.network_interface_id": "",
                            "route.359218190.transit_gateway_id": "",
                            "route.359218190.vpc_peering_connection_id": "",
                            "tags.%": "0",
                            "vpc_id": "vpc-0e350807df6544b79"
                        },
                        "meta": {},
                        "tainted": false
                    },
                    "deposed": [],
                    "provider": "provider.aws"
                }
            },
            "depends_on": []
        }
    ]
}
