{
    "version": 3,
    "terraform_version": "0.11.13",
    "serial": 4,
    "lineage": "053c2d40-f692-a107-2341-ea3c0d9f81da",
    "modules": [
        {
            "path": [
                "root"
            ],
            "outputs": {
                "Public-IP": {
                    "sensitive": false,
                    "type": "string",
                    "value": "13.126.58.183"
                }
            },
            "resources": {},
            "depends_on": []
        },
        {
            "path": [
                "root",
                "apache_server"
            ],
            "outputs": {
                "public_ip": {
                    "sensitive": false,
                    "type": "string",
                    "value": "13.126.58.183"
                }
            },
            "resources": {
                "aws_instance.apache_server": {
                    "type": "aws_instance",
                    "depends_on": [],
                    "primary": {
                        "id": "i-091cf2f74684dcc48",
                        "attributes": {
                            "ami": "ami-0ad42f4f66f6c1cc9",
                            "arn": "arn:aws:ec2:ap-south-1:956352206598:instance/i-091cf2f74684dcc48",
                            "associate_public_ip_address": "true",
                            "availability_zone": "ap-south-1a",
                            "cpu_core_count": "1",
                            "cpu_threads_per_core": "1",
                            "credit_specification.#": "1",
                            "credit_specification.0.cpu_credits": "standard",
                            "disable_api_termination": "false",
                            "ebs_block_device.#": "0",
                            "ebs_optimized": "false",
                            "ephemeral_block_device.#": "0",
                            "get_password_data": "false",
                            "iam_instance_profile": "",
                            "id": "i-091cf2f74684dcc48",
                            "instance_state": "running",
                            "instance_type": "t2.micro",
                            "ipv6_address_count": "0",
                            "ipv6_addresses.#": "0",
                            "key_name": "POC",
                            "monitoring": "false",
                            "network_interface.#": "0",
                            "password_data": "",
                            "placement_group": "",
                            "primary_network_interface_id": "eni-0975bf8543a45c650",
                            "private_dns": "ip-10-0-1-206.ap-south-1.compute.internal",
                            "private_ip": "10.0.1.206",
                            "public_dns": "",
                            "public_ip": "13.126.58.183",
                            "root_block_device.#": "1",
                            "root_block_device.0.delete_on_termination": "true",
                            "root_block_device.0.iops": "100",
                            "root_block_device.0.volume_id": "vol-0add994d59ae9e7e4",
                            "root_block_device.0.volume_size": "8",
                            "root_block_device.0.volume_type": "gp2",
                            "security_groups.#": "0",
                            "source_dest_check": "true",
                            "subnet_id": "subnet-017db8341648b99f0",
                            "tags.%": "1",
                            "tags.Name": "MyServer",
                            "tenancy": "default",
                            "volume_tags.%": "0",
                            "vpc_security_group_ids.#": "1",
                            "vpc_security_group_ids.3243400268": "sg-0f0dc5713b2b43359"
                        },
                        "meta": {
                            "e2bfb730-ecaa-11e6-8f88-34363bc7c4c0": {
                                "create": 600000000000,
                                "delete": 1200000000000,
                                "update": 600000000000
                            },
                            "schema_version": "1"
                        },
                        "tainted": false
                    },
                    "deposed": [],
                    "provider": "provider.aws"
                }
            },
            "depends_on": []
        }
    ]
}
